
Microsoft Visual Studio Solution File, Format Version 12.00
# Visual Studio Version 17
VisualStudioVersion = 17.5.33414.496
MinimumVisualStudioVersion = 10.0.40219.1
Project("{FAE04EC0-301F-11D3-BF4B-00C04F79EFBC}") = "Albon.AccountCreationRequestManager", "Albon.AccountCreationRequestManager\Albon.AccountCreationRequestManager.csproj", "{7B7E61FD-61EF-435A-B7DA-D8291204DF5A}"
EndProject
Global
	GlobalSection(SolutionConfigurationPlatforms) = preSolution
		Debug|Any CPU = Debug|Any CPU
		Release|Any CPU = Release|Any CPU
	EndGlobalSection
	GlobalSection(ProjectConfigurationPlatforms) = postSolution
		{7B7E61FD-61EF-435A-B7DA-D8291204DF5A}.Debug|Any CPU.ActiveCfg = Debug|Any CPU
		{7B7E61FD-61EF-435A-B7DA-D8291204DF5A}.Debug|Any CPU.Build.0 = Debug|Any CPU
		{7B7E61FD-61EF-435A-B7DA-D8291204DF5A}.Release|Any CPU.ActiveCfg = Release|Any CPU
		{7B7E61FD-61EF-435A-B7DA-D8291204DF5A}.Release|Any CPU.Build.0 = Release|Any CPU
	EndGlobalSection
	GlobalSection(SolutionProperties) = preSolution
		HideSolutionNode = FALSE
	EndGlobalSection
	GlobalSection(ExtensibilityGlobals) = postSolution
		SolutionGuid = {F33D55B1-FBA3-491B-AC23-F7A33EE21BA9}
	EndGlobalSection
EndGlobal
